{
  "name": "app",
  "version": "1.0.0",
  "lockfileVersion": 2,
  "requires": true,
  "packages": {
    "": {
      "name": "app",
      "version": "1.0.0",
      "license": "ISC",
      "dependencies": {
        "cocoder-lib": "^1.1.0"
      }
    },
    "node_modules/cocoder-lib": {
      "version": "1.1.0",
      "resolved": "https://registry.npmjs.org/cocoder-lib/-/cocoder-lib-1.1.0.tgz",
      "integrity": "sha512-bvdS4xIgkI6udOGf2ozb/NcoYSeT7EknTderSbBfCBamcCE2u3jsaDxAvEQ9Qe6zDYdKEejzdXt0ApnRiD8hZg=="
    }
  },
  "dependencies": {
    "cocoder-lib": {
      "version": "1.1.0",
      "resolved": "https://registry.npmjs.org/cocoder-lib/-/cocoder-lib-1.1.0.tgz",
      "integrity": "sha512-bvdS4xIgkI6udOGf2ozb/NcoYSeT7EknTderSbBfCBamcCE2u3jsaDxAvEQ9Qe6zDYdKEejzdXt0ApnRiD8hZg=="
    }
  }
}
