{
  "name": "app",
  "version": "1.0.0",
  "lockfileVersion": 2,
  "requires": true,
  "packages": {
    "": {
      "name": "app",
      "version": "1.0.0",
      "license": "ISC",
      "dependencies": {
        "cocoder-lib": "^1.0.0"
      }
    },
    "node_modules/cocoder-lib": {
      "version": "1.0.0",
      "resolved": "https://registry.npmjs.org/cocoder-lib/-/cocoder-lib-1.0.0.tgz",
      "integrity": "sha512-1Qr8ilI0fxBpP2x8sWQf+e7tDHPOO7MxAoLbTeEhPqypSaA6jC4qPa9VGbk8cJJ5IdBmJAgzbhU34vjQJzRAKg=="
    }
  },
  "dependencies": {
    "cocoder-lib": {
      "version": "1.0.0",
      "resolved": "https://registry.npmjs.org/cocoder-lib/-/cocoder-lib-1.0.0.tgz",
      "integrity": "sha512-1Qr8ilI0fxBpP2x8sWQf+e7tDHPOO7MxAoLbTeEhPqypSaA6jC4qPa9VGbk8cJJ5IdBmJAgzbhU34vjQJzRAKg=="
    }
  }
}
